// !$*UTF8*$!
{
	archiveVersion = 1;
	classes = {
	};
	objectVersion = 50;
	objects = {

/* Begin PBXBuildFile section */
		5B7A5EC5258F75990008DB0A /* MemoryGame.swift in Sources */ = {isa = PBXBuildFile; fileRef = 5B7A5EC4258F75990008DB0A /* MemoryGame.swift */; };
		5B7A5ECA258F77930008DB0A /* EmojiMemoryGame.swift in Sources */ = {isa = PBXBuildFile; fileRef = 5B7A5EC9258F77930008DB0A /* EmojiMemoryGame.swift */; };
		5BCBF5A1258E1A0C002DF612 /* MemorizeApp.swift in Sources */ = {isa = PBXBuildFile; fileRef = 5BCBF5A0258E1A0C002DF612 /* MemorizeApp.swift */; };
		5BCBF5A3258E1A0C002DF612 /* ContentView.swift in Sources */ = {isa = PBXBuildFile; fileRef = 5BCBF5A2258E1A0C002DF612 /* ContentView.swift */; };
		5BCBF5A5258E1A0D002DF612 /* Assets.xcassets in Resources */ = {isa = PBXBuildFile; fileRef = 5BCBF5A4258E1A0D002DF612 /* Assets.xcassets */; };
		5BCBF5A8258E1A0D002DF612 /* Preview Assets.xcassets in Resources */ = {isa = PBXBuildFile; fileRef = 5BCBF5A7258E1A0D002DF612 /* Preview Assets.xcassets */; };
		5BCBF5B3258E1A0D002DF612 /* MemorizeTests.swift in Sources */ = {isa = PBXBuildFile; fileRef = 5BCBF5B2258E1A0D002DF612 /* MemorizeTests.swift */; };
		5BCBF5BE258E1A0D002DF612 /* MemorizeUITests.swift in Sources */ = {isa = PBXBuildFile; fileRef = 5BCBF5BD258E1A0D002DF612 /* MemorizeUITests.swift */; };
/* End PBXBuildFile section */

/* Begin PBXContainerItemProxy section */
		5BCBF5AF258E1A0D002DF612 /* PBXContainerItemProxy */ = {
			isa = PBXContainerItemProxy;
			containerPortal = 5BCBF595258E1A0C002DF612 /* Project object */;
			proxyType = 1;
			remoteGlobalIDString = 5BCBF59C258E1A0C002DF612;
			remoteInfo = Memorize;
		};
		5BCBF5BA258E1A0D002DF612 /* PBXContainerItemProxy */ = {
			isa = PBXContainerItemProxy;
			containerPortal = 5BCBF595258E1A0C002DF612 /* Project object */;
			proxyType = 1;
			remoteGlobalIDString = 5BCBF59C258E1A0C002DF612;
			remoteInfo = Memorize;
		};
/* End PBXContainerItemProxy section */

/* Begin PBXFileReference section */
		5B7A5EC4258F75990008DB0A /* MemoryGame.swift */ = {isa = PBXFileReference; lastKnownFileType = sourcecode.swift; path = MemoryGame.swift; sourceTree = "<group>"; };
		5B7A5EC9258F77930008DB0A /* EmojiMemoryGame.swift */ = {isa = PBXFileReference; lastKnownFileType = sourcecode.swift; path = EmojiMemoryGame.swift; sourceTree = "<group>"; };
		5BCBF59D258E1A0C002DF612 /* Memorize.app */ = {isa = PBXFileReference; explicitFileType = wrapper.application; includeInIndex = 0; path = Memorize.app; sourceTree = BUILT_PRODUCTS_DIR; };
		5BCBF5A0258E1A0C002DF612 /* MemorizeApp.swift */ = {isa = PBXFileReference; lastKnownFileType = sourcecode.swift; path = MemorizeApp.swift; sourceTree = "<group>"; };
		5BCBF5A2258E1A0C002DF612 /* ContentView.swift */ = {isa = PBXFileReference; lastKnownFileType = sourcecode.swift; path = ContentView.swift; sourceTree = "<group>"; };
		5BCBF5A4258E1A0D002DF612 /* Assets.xcassets */ = {isa = PBXFileReference; lastKnownFileType = folder.assetcatalog; path = Assets.xcassets; sourceTree = "<group>"; };
		5BCBF5A7258E1A0D002DF612 /* Preview Assets.xcassets */ = {isa = PBXFileReference; lastKnownFileType = folder.assetcatalog; path = "Preview Assets.xcassets"; sourceTree = "<group>"; };
		5BCBF5A9258E1A0D002DF612 /* Info.plist */ = {isa = PBXFileReference; lastKnownFileType = text.plist.xml; path = Info.plist; sourceTree = "<group>"; };
		5BCBF5AE258E1A0D002DF612 /* MemorizeTests.xctest */ = {isa = PBXFileReference; explicitFileType = wrapper.cfbundle; includeInIndex = 0; path = MemorizeTests.xctest; sourceTree = BUILT_PRODUCTS_DIR; };
		5BCBF5B2258E1A0D002DF612 /* MemorizeTests.swift */ = {isa = PBXFileReference; lastKnownFileType = sourcecode.swift; path = MemorizeTests.swift; sourceTree = "<group>"; };
		5BCBF5B4258E1A0D002DF612 /* Info.plist */ = {isa = PBXFileReference; lastKnownFileType = text.plist.xml; path = Info.plist; sourceTree = "<group>"; };
		5BCBF5B9258E1A0D002DF612 /* MemorizeUITests.xctest */ = {isa = PBXFileReference; explicitFileType = wrapper.cfbundle; includeInIndex = 0; path = MemorizeUITests.xctest; sourceTree = BUILT_PRODUCTS_DIR; };
		5BCBF5BD258E1A0D002DF612 /* MemorizeUITests.swift */ = {isa = PBXFileReference; lastKnownFileType = sourcecode.swift; path = MemorizeUITests.swift; sourceTree = "<group>"; };
		5BCBF5BF258E1A0D002DF612 /* Info.plist */ = {isa = PBXFileReference; lastKnownFileType = text.plist.xml; path = Info.plist; sourceTree = "<group>"; };
/* End PBXFileReference section */

/* Begin PBXFrameworksBuildPhase section */
		5BCBF59A258E1A0C002DF612 /* Frameworks */ = {
			isa = PBXFrameworksBuildPhase;
			buildActionMask = 2147483647;
			files = (
			);
			runOnlyForDeploymentPostprocessing = 0;
		};
		5BCBF5AB258E1A0D002DF612 /* Frameworks */ = {
			isa = PBXFrameworksBuildPhase;
			buildActionMask = 2147483647;
			files = (
			);
			runOnlyForDeploymentPostprocessing = 0;
		};
		5BCBF5B6258E1A0D002DF612 /* Frameworks */ = {
			isa = PBXFrameworksBuildPhase;
			buildActionMask = 2147483647;
			files = (
			);
			runOnlyForDeploymentPostprocessing = 0;
		};
/* End PBXFrameworksBuildPhase section */

/* Begin PBXGroup section */
		5BCBF594258E1A0C002DF612 = {
			isa = PBXGroup;
			children = (
				5BCBF59F258E1A0C002DF612 /* Memorize */,
				5BCBF5B1258E1A0D002DF612 /* MemorizeTests */,
				5BCBF5BC258E1A0D002DF612 /* MemorizeUITests */,
				5BCBF59E258E1A0C002DF612 /* Products */,
			);
			sourceTree = "<group>";
		};
		5BCBF59E258E1A0C002DF612 /* Products */ = {
			isa = PBXGroup;
			children = (
				5BCBF59D258E1A0C002DF612 /* Memorize.app */,
				5BCBF5AE258E1A0D002DF612 /* MemorizeTests.xctest */,
				5BCBF5B9258E1A0D002DF612 /* MemorizeUITests.xctest */,
			);
			name = Products;
			sourceTree = "<group>";
		};
		5BCBF59F258E1A0C002DF612 /* Memorize */ = {
			isa = PBXGroup;
			children = (
				5BCBF5A0258E1A0C002DF612 /* MemorizeApp.swift */,
				5BCBF5A2258E1A0C002DF612 /* ContentView.swift */,
				5B7A5EC4258F75990008DB0A /* MemoryGame.swift */,
				5B7A5EC9258F77930008DB0A /* EmojiMemoryGame.swift */,
				5BCBF5A4258E1A0D002DF612 /* Assets.xcassets */,
				5BCBF5A9258E1A0D002DF612 /* Info.plist */,
				5BCBF5A6258E1A0D002DF612 /* Preview Content */,
			);
			path = Memorize;
			sourceTree = "<group>";
		};
		5BCBF5A6258E1A0D002DF612 /* Preview Content */ = {
			isa = PBXGroup;
			children = (
				5BCBF5A7258E1A0D002DF612 /* Preview Assets.xcassets */,
			);
			path = "Preview Content";
			sourceTree = "<group>";
		};
		5BCBF5B1258E1A0D002DF612 /* MemorizeTests */ = {
			isa = PBXGroup;
			children = (
				5BCBF5B2258E1A0D002DF612 /* MemorizeTests.swift */,
				5BCBF5B4258E1A0D002DF612 /* Info.plist */,
			);
			path = MemorizeTests;
			sourceTree = "<group>";
		};
		5BCBF5BC258E1A0D002DF612 /* MemorizeUITests */ = {
			isa = PBXGroup;
			children = (
				5BCBF5BD258E1A0D002DF612 /* MemorizeUITests.swift */,
				5BCBF5BF258E1A0D002DF612 /* Info.plist */,
			);
			path = MemorizeUITests;
			sourceTree = "<group>";
		};
/* End PBXGroup section */

/* Begin PBXNativeTarget section */
		5BCBF59C258E1A0C002DF612 /* Memorize */ = {
			isa = PBXNativeTarget;
			buildConfigurationList = 5BCBF5C2258E1A0D002DF612 /* Build configuration list for PBXNativeTarget "Memorize" */;
			buildPhases = (
				5BCBF599258E1A0C002DF612 /* Sources */,
				5BCBF59A258E1A0C002DF612 /* Frameworks */,
				5BCBF59B258E1A0C002DF612 /* Resources */,
			);
			buildRules = (
			);
			dependencies = (
			);
			name = Memorize;
			productName = Memorize;
			productReference = 5BCBF59D258E1A0C002DF612 /* Memorize.app */;
			productType = "com.apple.product-type.application";
		};
		5BCBF5AD258E1A0D002DF612 /* MemorizeTests */ = {
			isa = PBXNativeTarget;
			buildConfigurationList = 5BCBF5C5258E1A0D002DF612 /* Build configuration list for PBXNativeTarget "MemorizeTests" */;
			buildPhases = (
				5BCBF5AA258E1A0D002DF612 /* Sources */,
				5BCBF5AB258E1A0D002DF612 /* Frameworks */,
				5BCBF5AC258E1A0D002DF612 /* Resources */,
			);
			buildRules = (
			);
			dependencies = (
				5BCBF5B0258E1A0D002DF612 /* PBXTargetDependency */,
			);
			name = MemorizeTests;
			productName = MemorizeTests;
			productReference = 5BCBF5AE258E1A0D002DF612 /* MemorizeTests.xctest */;
			productType = "com.apple.product-type.bundle.unit-test";
		};
		5BCBF5B8258E1A0D002DF612 /* MemorizeUITests */ = {
			isa = PBXNativeTarget;
			buildConfigurationList = 5BCBF5C8258E1A0D002DF612 /* Build configuration list for PBXNativeTarget "MemorizeUITests" */;
			buildPhases = (
				5BCBF5B5258E1A0D002DF612 /* Sources */,
				5BCBF5B6258E1A0D002DF612 /* Frameworks */,
				5BCBF5B7258E1A0D002DF612 /* Resources */,
			);
			buildRules = (
			);
			dependencies = (
				5BCBF5BB258E1A0D002DF612 /* PBXTargetDependency */,
			);
			name = MemorizeUITests;
			productName = MemorizeUITests;
			productReference = 5BCBF5B9258E1A0D002DF612 /* MemorizeUITests.xctest */;
			productType = "com.apple.product-type.bundle.ui-testing";
		};
/* End PBXNativeTarget section */

/* Begin PBXProject section */
		5BCBF595258E1A0C002DF612 /* Project object */ = {
			isa = PBXProject;
			attributes = {
				LastSwiftUpdateCheck = 1220;
				LastUpgradeCheck = 1220;
				TargetAttributes = {
					5BCBF59C258E1A0C002DF612 = {
						CreatedOnToolsVersion = 12.2;
					};
					5BCBF5AD258E1A0D002DF612 = {
						CreatedOnToolsVersion = 12.2;
						TestTargetID = 5BCBF59C258E1A0C002DF612;
					};
					5BCBF5B8258E1A0D002DF612 = {
						CreatedOnToolsVersion = 12.2;
						TestTargetID = 5BCBF59C258E1A0C002DF612;
					};
				};
			};
			buildConfigurationList = 5BCBF598258E1A0C002DF612 /* Build configuration list for PBXProject "Memorize" */;
			compatibilityVersion = "Xcode 9.3";
			developmentRegion = en;
			hasScannedForEncodings = 0;
			knownRegions = (
				en,
				Base,
			);
			mainGroup = 5BCBF594258E1A0C002DF612;
			productRefGroup = 5BCBF59E258E1A0C002DF612 /* Products */;
			projectDirPath = "";
			projectRoot = "";
			targets = (
				5BCBF59C258E1A0C002DF612 /* Memorize */,
				5BCBF5AD258E1A0D002DF612 /* MemorizeTests */,
				5BCBF5B8258E1A0D002DF612 /* MemorizeUITests */,
			);
		};
/* End PBXProject section */

/* Begin PBXResourcesBuildPhase section */
		5BCBF59B258E1A0C002DF612 /* Resources */ = {
			isa = PBXResourcesBuildPhase;
			buildActionMask = 2147483647;
			files = (
				5BCBF5A8258E1A0D002DF612 /* Preview Assets.xcassets in Resources */,
				5BCBF5A5258E1A0D002DF612 /* Assets.xcassets in Resources */,
			);
			runOnlyForDeploymentPostprocessing = 0;
		};
		5BCBF5AC258E1A0D002DF612 /* Resources */ = {
			isa = PBXResourcesBuildPhase;
			buildActionMask = 2147483647;
			files = (
			);
			runOnlyForDeploymentPostprocessing = 0;
		};
		5BCBF5B7258E1A0D002DF612 /* Resources */ = {
			isa = PBXResourcesBuildPhase;
			buildActionMask = 2147483647;
			files = (
			);
			runOnlyForDeploymentPostprocessing = 0;
		};
/* End PBXResourcesBuildPhase section */

/* Begin PBXSourcesBuildPhase section */
		5BCBF599258E1A0C002DF612 /* Sources */ = {
			isa = PBXSourcesBuildPhase;
			buildActionMask = 2147483647;
			files = (
				5B7A5EC5258F75990008DB0A /* MemoryGame.swift in Sources */,
				5BCBF5A3258E1A0C002DF612 /* ContentView.swift in Sources */,
				5BCBF5A1258E1A0C002DF612 /* MemorizeApp.swift in Sources */,
				5B7A5ECA258F77930008DB0A /* EmojiMemoryGame.swift in Sources */,
			);
			runOnlyForDeploymentPostprocessing = 0;
		};
		5BCBF5AA258E1A0D002DF612 /* Sources */ = {
			isa = PBXSourcesBuildPhase;
			buildActionMask = 2147483647;
			files = (
				5BCBF5B3258E1A0D002DF612 /* MemorizeTests.swift in Sources */,
			);
			runOnlyForDeploymentPostprocessing = 0;
		};
		5BCBF5B5258E1A0D002DF612 /* Sources */ = {
			isa = PBXSourcesBuildPhase;
			buildActionMask = 2147483647;
			files = (
				5BCBF5BE258E1A0D002DF612 /* MemorizeUITests.swift in Sources */,
			);
			runOnlyForDeploymentPostprocessing = 0;
		};
/* End PBXSourcesBuildPhase section */

/* Begin PBXTargetDependency section */
		5BCBF5B0258E1A0D002DF612 /* PBXTargetDependency */ = {
			isa = PBXTargetDependency;
			target = 5BCBF59C258E1A0C002DF612 /* Memorize */;
			targetProxy = 5BCBF5AF258E1A0D002DF612 /* PBXContainerItemProxy */;
		};
		5BCBF5BB258E1A0D002DF612 /* PBXTargetDependency */ = {
			isa = PBXTargetDependency;
			target = 5BCBF59C258E1A0C002DF612 /* Memorize */;
			targetProxy = 5BCBF5BA258E1A0D002DF612 /* PBXContainerItemProxy */;
		};
/* End PBXTargetDependency section */

/* Begin XCBuildConfiguration section */
		5BCBF5C0258E1A0D002DF612 /* Debug */ = {
			isa = XCBuildConfiguration;
			buildSettings = {
				ALWAYS_SEARCH_USER_PATHS = NO;
				CLANG_ANALYZER_NONNULL = YES;
				CLANG_ANALYZER_NUMBER_OBJECT_CONVERSION = YES_AGGRESSIVE;
				CLANG_CXX_LANGUAGE_STANDARD = "gnu++14";
				CLANG_CXX_LIBRARY = "libc++";
				CLANG_ENABLE_MODULES = YES;
				CLANG_ENABLE_OBJC_ARC = YES;
				CLANG_ENABLE_OBJC_WEAK = YES;
				CLANG_WARN_BLOCK_CAPTURE_AUTORELEASING = YES;
				CLANG_WARN_BOOL_CONVERSION = YES;
				CLANG_WARN_COMMA = YES;
				CLANG_WARN_CONSTANT_CONVERSION = YES;
				CLANG_WARN_DEPRECATED_OBJC_IMPLEMENTATIONS = YES;
				CLANG_WARN_DIRECT_OBJC_ISA_USAGE = YES_ERROR;
				CLANG_WARN_DOCUMENTATION_COMMENTS = YES;
				CLANG_WARN_EMPTY_BODY = YES;
				CLANG_WARN_ENUM_CONVERSION = YES;
				CLANG_WARN_INFINITE_RECURSION = YES;
				CLANG_WARN_INT_CONVERSION = YES;
				CLANG_WARN_NON_LITERAL_NULL_CONVERSION = YES;
				CLANG_WARN_OBJC_IMPLICIT_RETAIN_SELF = YES;
				CLANG_WARN_OBJC_LITERAL_CONVERSION = YES;
				CLANG_WARN_OBJC_ROOT_CLASS = YES_ERROR;
				CLANG_WARN_QUOTED_INCLUDE_IN_FRAMEWORK_HEADER = YES;
				CLANG_WARN_RANGE_LOOP_ANALYSIS = YES;
				CLANG_WARN_STRICT_PROTOTYPES = YES;
				CLANG_WARN_SUSPICIOUS_MOVE = YES;
				CLANG_WARN_UNGUARDED_AVAILABILITY = YES_AGGRESSIVE;
				CLANG_WARN_UNREACHABLE_CODE = YES;
				CLANG_WARN__DUPLICATE_METHOD_MATCH = YES;
				COPY_PHASE_STRIP = NO;
				DEBUG_INFORMATION_FORMAT = dwarf;
				ENABLE_STRICT_OBJC_MSGSEND = YES;
				ENABLE_TESTABILITY = YES;
				GCC_C_LANGUAGE_STANDARD = gnu11;
				GCC_DYNAMIC_NO_PIC = NO;
				GCC_NO_COMMON_BLOCKS = YES;
				GCC_OPTIMIZATION_LEVEL = 0;
				GCC_PREPROCESSOR_DEFINITIONS = (
					"DEBUG=1",
					"$(inherited)",
				);
				GCC_WARN_64_TO_32_BIT_CONVERSION = YES;
				GCC_WARN_ABOUT_RETURN_TYPE = YES_ERROR;
				GCC_WARN_UNDECLARED_SELECTOR = YES;
				GCC_WARN_UNINITIALIZED_AUTOS = YES_AGGRESSIVE;
				GCC_WARN_UNUSED_FUNCTION = YES;
				GCC_WARN_UNUSED_VARIABLE = YES;
				IPHONEOS_DEPLOYMENT_TARGET = 14.2;
				MTL_ENABLE_DEBUG_INFO = INCLUDE_SOURCE;
				MTL_FAST_MATH = YES;
				ONLY_ACTIVE_ARCH = YES;
				SDKROOT = iphoneos;
				SWIFT_ACTIVE_COMPILATION_CONDITIONS = DEBUG;
				SWIFT_OPTIMIZATION_LEVEL = "-Onone";
			};
			name = Debug;
		};
		5BCBF5C1258E1A0D002DF612 /* Release */ = {
			isa = XCBuildConfiguration;
			buildSettings = {
				ALWAYS_SEARCH_USER_PATHS = NO;
				CLANG_ANALYZER_NONNULL = YES;
				CLANG_ANALYZER_NUMBER_OBJECT_CONVERSION = YES_AGGRESSIVE;
				CLANG_CXX_LANGUAGE_STANDARD = "gnu++14";
				CLANG_CXX_LIBRARY = "libc++";
				CLANG_ENABLE_MODULES = YES;
				CLANG_ENABLE_OBJC_ARC = YES;
				CLANG_ENABLE_OBJC_WEAK = YES;
				CLANG_WARN_BLOCK_CAPTURE_AUTORELEASING = YES;
				CLANG_WARN_BOOL_CONVERSION = YES;
				CLANG_WARN_COMMA = YES;
				CLANG_WARN_CONSTANT_CONVERSION = YES;
				CLANG_WARN_DEPRECATED_OBJC_IMPLEMENTATIONS = YES;
				CLANG_WARN_DIRECT_OBJC_ISA_USAGE = YES_ERROR;
				CLANG_WARN_DOCUMENTATION_COMMENTS = YES;
				CLANG_WARN_EMPTY_BODY = YES;
				CLANG_WARN_ENUM_CONVERSION = YES;
				CLANG_WARN_INFINITE_RECURSION = YES;
				CLANG_WARN_INT_CONVERSION = YES;
				CLANG_WARN_NON_LITERAL_NULL_CONVERSION = YES;
				CLANG_WARN_OBJC_IMPLICIT_RETAIN_SELF = YES;
				CLANG_WARN_OBJC_LITERAL_CONVERSION = YES;
				CLANG_WARN_OBJC_ROOT_CLASS = YES_ERROR;
				CLANG_WARN_QUOTED_INCLUDE_IN_FRAMEWORK_HEADER = YES;
				CLANG_WARN_RANGE_LOOP_ANALYSIS = YES;
				CLANG_WARN_STRICT_PROTOTYPES = YES;
				CLANG_WARN_SUSPICIOUS_MOVE = YES;
				CLANG_WARN_UNGUARDED_AVAILABILITY = YES_AGGRESSIVE;
				CLANG_WARN_UNREACHABLE_CODE = YES;
				CLANG_WARN__DUPLICATE_METHOD_MATCH = YES;
				COPY_PHASE_STRIP = NO;
				DEBUG_INFORMATION_FORMAT = "dwarf-with-dsym";
				ENABLE_NS_ASSERTIONS = NO;
				ENABLE_STRICT_OBJC_MSGSEND = YES;
				GCC_C_LANGUAGE_STANDARD = gnu11;
				GCC_NO_COMMON_BLOCKS = YES;
				GCC_WARN_64_TO_32_BIT_CONVERSION = YES;
				GCC_WARN_ABOUT_RETURN_TYPE = YES_ERROR;
				GCC_WARN_UNDECLARED_SELECTOR = YES;
				GCC_WARN_UNINITIALIZED_AUTOS = YES_AGGRESSIVE;
				GCC_WARN_UNUSED_FUNCTION = YES;
				GCC_WARN_UNUSED_VARIABLE = YES;
				IPHONEOS_DEPLOYMENT_TARGET = 14.2;
				MTL_ENABLE_DEBUG_INFO = NO;
				MTL_FAST_MATH = YES;
				SDKROOT = iphoneos;
				SWIFT_COMPILATION_MODE = wholemodule;
				SWIFT_OPTIMIZATION_LEVEL = "-O";
				VALIDATE_PRODUCT = YES;
			};
			name = Release;
		};
		5BCBF5C3258E1A0D002DF612 /* Debug */ = {
			isa = XCBuildConfiguration;
			buildSettings = {
				ASSETCATALOG_COMPILER_APPICON_NAME = AppIcon;
				ASSETCATALOG_COMPILER_GLOBAL_ACCENT_COLOR_NAME = AccentColor;
				CODE_SIGN_STYLE = Automatic;
				DEVELOPMENT_ASSET_PATHS = "\"Memorize/Preview Content\"";
				DEVELOPMENT_TEAM = B7AU7Z92MK;
				ENABLE_PREVIEWS = YES;
				INFOPLIST_FILE = Memorize/Info.plist;
				IPHONEOS_DEPLOYMENT_TARGET = 14.0;
				LD_RUNPATH_SEARCH_PATHS = (
					"$(inherited)",
					"@executable_path/Frameworks",
				);
				PRODUCT_BUNDLE_IDENTIFIER = com.example.Memorize;
				PRODUCT_NAME = "$(TARGET_NAME)";
				SWIFT_VERSION = 5.0;
				TARGETED_DEVICE_FAMILY = "1,2";
			};
			name = Debug;
		};
		5BCBF5C4258E1A0D002DF612 /* Release */ = {
			isa = XCBuildConfiguration;
			buildSettings = {
				ASSETCATALOG_COMPILER_APPICON_NAME = AppIcon;
				ASSETCATALOG_COMPILER_GLOBAL_ACCENT_COLOR_NAME = AccentColor;
				CODE_SIGN_STYLE = Automatic;
				DEVELOPMENT_ASSET_PATHS = "\"Memorize/Preview Content\"";
				DEVELOPMENT_TEAM = B7AU7Z92MK;
				ENABLE_PREVIEWS = YES;
				INFOPLIST_FILE = Memorize/Info.plist;
				IPHONEOS_DEPLOYMENT_TARGET = 14.0;
				LD_RUNPATH_SEARCH_PATHS = (
					"$(inherited)",
					"@executable_path/Frameworks",
				);
				PRODUCT_BUNDLE_IDENTIFIER = com.example.Memorize;
				PRODUCT_NAME = "$(TARGET_NAME)";
				SWIFT_VERSION = 5.0;
				TARGETED_DEVICE_FAMILY = "1,2";
			};
			name = Release;
		};
		5BCBF5C6258E1A0D002DF612 /* Debug */ = {
			isa = XCBuildConfiguration;
			buildSettings = {
				ALWAYS_EMBED_SWIFT_STANDARD_LIBRARIES = YES;
				BUNDLE_LOADER = "$(TEST_HOST)";
				CODE_SIGN_STYLE = Automatic;
				DEVELOPMENT_TEAM = B7AU7Z92MK;
				INFOPLIST_FILE = MemorizeTests/Info.plist;
				IPHONEOS_DEPLOYMENT_TARGET = 14.0;
				LD_RUNPATH_SEARCH_PATHS = (
					"$(inherited)",
					"@executable_path/Frameworks",
					"@loader_path/Frameworks",
				);
				PRODUCT_BUNDLE_IDENTIFIER = com.example.MemorizeTests;
				PRODUCT_NAME = "$(TARGET_NAME)";
				SWIFT_VERSION = 5.0;
				TARGETED_DEVICE_FAMILY = "1,2";
				TEST_HOST = "$(BUILT_PRODUCTS_DIR)/Memorize.app/Memorize";
			};
			name = Debug;
		};
		5BCBF5C7258E1A0D002DF612 /* Release */ = {
			isa = XCBuildConfiguration;
			buildSettings = {
				ALWAYS_EMBED_SWIFT_STANDARD_LIBRARIES = YES;
				BUNDLE_LOADER = "$(TEST_HOST)";
				CODE_SIGN_STYLE = Automatic;
				DEVELOPMENT_TEAM = B7AU7Z92MK;
				INFOPLIST_FILE = MemorizeTests/Info.plist;
				IPHONEOS_DEPLOYMENT_TARGET = 14.0;
				LD_RUNPATH_SEARCH_PATHS = (
					"$(inherited)",
					"@executable_path/Frameworks",
					"@loader_path/Frameworks",
				);
				PRODUCT_BUNDLE_IDENTIFIER = com.example.MemorizeTests;
				PRODUCT_NAME = "$(TARGET_NAME)";
				SWIFT_VERSION = 5.0;
				TARGETED_DEVICE_FAMILY = "1,2";
				TEST_HOST = "$(BUILT_PRODUCTS_DIR)/Memorize.app/Memorize";
			};
			name = Release;
		};
		5BCBF5C9258E1A0D002DF612 /* Debug */ = {
			isa = XCBuildConfiguration;
			buildSettings = {
				ALWAYS_EMBED_SWIFT_STANDARD_LIBRARIES = YES;
				CODE_SIGN_STYLE = Automatic;
				DEVELOPMENT_TEAM = B7AU7Z92MK;
				INFOPLIST_FILE = MemorizeUITests/Info.plist;
				LD_RUNPATH_SEARCH_PATHS = (
					"$(inherited)",
					"@executable_path/Frameworks",
					"@loader_path/Frameworks",
				);
				PRODUCT_BUNDLE_IDENTIFIER = com.example.MemorizeUITests;
				PRODUCT_NAME = "$(TARGET_NAME)";
				SWIFT_VERSION = 5.0;
				TARGETED_DEVICE_FAMILY = "1,2";
				TEST_TARGET_NAME = Memorize;
			};
			name = Debug;
		};
		5BCBF5CA258E1A0D002DF612 /* Release */ = {
			isa = XCBuildConfiguration;
			buildSettings = {
				ALWAYS_EMBED_SWIFT_STANDARD_LIBRARIES = YES;
				CODE_SIGN_STYLE = Automatic;
				DEVELOPMENT_TEAM = B7AU7Z92MK;
				INFOPLIST_FILE = MemorizeUITests/Info.plist;
				LD_RUNPATH_SEARCH_PATHS = (
					"$(inherited)",
					"@executable_path/Frameworks",
					"@loader_path/Frameworks",
				);
				PRODUCT_BUNDLE_IDENTIFIER = com.example.MemorizeUITests;
				PRODUCT_NAME = "$(TARGET_NAME)";
				SWIFT_VERSION = 5.0;
				TARGETED_DEVICE_FAMILY = "1,2";
				TEST_TARGET_NAME = Memorize;
			};
			name = Release;
		};
/* End XCBuildConfiguration section */

/* Begin XCConfigurationList section */
		5BCBF598258E1A0C002DF612 /* Build configuration list for PBXProject "Memorize" */ = {
			isa = XCConfigurationList;
			buildConfigurations = (
				5BCBF5C0258E1A0D002DF612 /* Debug */,
				5BCBF5C1258E1A0D002DF612 /* Release */,
			);
			defaultConfigurationIsVisible = 0;
			defaultConfigurationName = Release;
		};
		5BCBF5C2258E1A0D002DF612 /* Build configuration list for PBXNativeTarget "Memorize" */ = {
			isa = XCConfigurationList;
			buildConfigurations = (
				5BCBF5C3258E1A0D002DF612 /* Debug */,
				5BCBF5C4258E1A0D002DF612 /* Release */,
			);
			defaultConfigurationIsVisible = 0;
			defaultConfigurationName = Release;
		};
		5BCBF5C5258E1A0D002DF612 /* Build configuration list for PBXNativeTarget "MemorizeTests" */ = {
			isa = XCConfigurationList;
			buildConfigurations = (
				5BCBF5C6258E1A0D002DF612 /* Debug */,
				5BCBF5C7258E1A0D002DF612 /* Release */,
			);
			defaultConfigurationIsVisible = 0;
			defaultConfigurationName = Release;
		};
		5BCBF5C8258E1A0D002DF612 /* Build configuration list for PBXNativeTarget "MemorizeUITests" */ = {
			isa = XCConfigurationList;
			buildConfigurations = (
				5BCBF5C9258E1A0D002DF612 /* Debug */,
				5BCBF5CA258E1A0D002DF612 /* Release */,
			);
			defaultConfigurationIsVisible = 0;
			defaultConfigurationName = Release;
		};
/* End XCConfigurationList section */
	};
	rootObject = 5BCBF595258E1A0C002DF612 /* Project object */;
}
